
Microsoft Visual Studio Solution File, Format Version 12.00
# Visual Studio Version 16
VisualStudioVersion = 16.0.31702.278
MinimumVisualStudioVersion = 10.0.40219.1
Project("{FAE04EC0-301F-11D3-BF4B-00C04F79EFBC}") = "DateTimeRepetition", "DateTimeRepetition\DateTimeRepetition.csproj", "{1C0929CF-C3B2-418E-BC2C-4BE65D87FEBA}"
EndProject
Global
	GlobalSection(SolutionConfigurationPlatforms) = preSolution
		Debug|Any CPU = Debug|Any CPU
		Release|Any CPU = Release|Any CPU
	EndGlobalSection
	GlobalSection(ProjectConfigurationPlatforms) = postSolution
		{1C0929CF-C3B2-418E-BC2C-4BE65D87FEBA}.Debug|Any CPU.ActiveCfg = Debug|Any CPU
		{1C0929CF-C3B2-418E-BC2C-4BE65D87FEBA}.Debug|Any CPU.Build.0 = Debug|Any CPU
		{1C0929CF-C3B2-418E-BC2C-4BE65D87FEBA}.Release|Any CPU.ActiveCfg = Release|Any CPU
		{1C0929CF-C3B2-418E-BC2C-4BE65D87FEBA}.Release|Any CPU.Build.0 = Release|Any CPU
	EndGlobalSection
	GlobalSection(SolutionProperties) = preSolution
		HideSolutionNode = FALSE
	EndGlobalSection
	GlobalSection(ExtensibilityGlobals) = postSolution
		SolutionGuid = {D11F3681-0608-44C1-8CB4-9B35D5B7FFBB}
	EndGlobalSection
EndGlobal
