
Microsoft Visual Studio Solution File, Format Version 12.00
# Visual Studio Version 17
VisualStudioVersion = 17.0.32112.339
MinimumVisualStudioVersion = 10.0.40219.1
Project("{9A19103F-16F7-4668-BE54-9A1E7A4F7556}") = "InlämningsuppgiftTDD1DennisByberg", "InlämningsuppgiftTDD1DennisByberg\InlämningsuppgiftTDD1DennisByberg.csproj", "{7AB6727E-7D5C-4551-9D27-91CA3B500C19}"
EndProject
Project("{FAE04EC0-301F-11D3-BF4B-00C04F79EFBC}") = "InlämningsuppgiftTDD1DennisByberg.Tests", "InlämningsuppgiftTDD1DennisByberg.Tests\InlämningsuppgiftTDD1DennisByberg.Tests.csproj", "{1D99325A-5B68-44DE-B05F-4412110BE62B}"
EndProject
Global
	GlobalSection(SolutionConfigurationPlatforms) = preSolution
		Debug|Any CPU = Debug|Any CPU
		Release|Any CPU = Release|Any CPU
	EndGlobalSection
	GlobalSection(ProjectConfigurationPlatforms) = postSolution
		{7AB6727E-7D5C-4551-9D27-91CA3B500C19}.Debug|Any CPU.ActiveCfg = Debug|Any CPU
		{7AB6727E-7D5C-4551-9D27-91CA3B500C19}.Debug|Any CPU.Build.0 = Debug|Any CPU
		{7AB6727E-7D5C-4551-9D27-91CA3B500C19}.Release|Any CPU.ActiveCfg = Release|Any CPU
		{7AB6727E-7D5C-4551-9D27-91CA3B500C19}.Release|Any CPU.Build.0 = Release|Any CPU
		{1D99325A-5B68-44DE-B05F-4412110BE62B}.Debug|Any CPU.ActiveCfg = Debug|Any CPU
		{1D99325A-5B68-44DE-B05F-4412110BE62B}.Debug|Any CPU.Build.0 = Debug|Any CPU
		{1D99325A-5B68-44DE-B05F-4412110BE62B}.Release|Any CPU.ActiveCfg = Release|Any CPU
		{1D99325A-5B68-44DE-B05F-4412110BE62B}.Release|Any CPU.Build.0 = Release|Any CPU
	EndGlobalSection
	GlobalSection(SolutionProperties) = preSolution
		HideSolutionNode = FALSE
	EndGlobalSection
	GlobalSection(ExtensibilityGlobals) = postSolution
		SolutionGuid = {051B3605-FDF5-491C-8008-BB712E359B45}
	EndGlobalSection
EndGlobal
