
Microsoft Visual Studio Solution File, Format Version 12.00
# Visual Studio Version 16
VisualStudioVersion = 16.0.31624.102
MinimumVisualStudioVersion = 10.0.40219.1
Project("{FAE04EC0-301F-11D3-BF4B-00C04F79EFBC}") = "Den Saknade Kronan", "Den Saknade Kronan\Den Saknade Kronan.csproj", "{A5258B65-17A3-4A64-952B-AAD7F0E6500B}"
EndProject
Global
	GlobalSection(SolutionConfigurationPlatforms) = preSolution
		Debug|Any CPU = Debug|Any CPU
		Release|Any CPU = Release|Any CPU
	EndGlobalSection
	GlobalSection(ProjectConfigurationPlatforms) = postSolution
		{A5258B65-17A3-4A64-952B-AAD7F0E6500B}.Debug|Any CPU.ActiveCfg = Debug|Any CPU
		{A5258B65-17A3-4A64-952B-AAD7F0E6500B}.Debug|Any CPU.Build.0 = Debug|Any CPU
		{A5258B65-17A3-4A64-952B-AAD7F0E6500B}.Release|Any CPU.ActiveCfg = Release|Any CPU
		{A5258B65-17A3-4A64-952B-AAD7F0E6500B}.Release|Any CPU.Build.0 = Release|Any CPU
	EndGlobalSection
	GlobalSection(SolutionProperties) = preSolution
		HideSolutionNode = FALSE
	EndGlobalSection
	GlobalSection(ExtensibilityGlobals) = postSolution
		SolutionGuid = {761E0019-ADE4-4FDA-8F5C-1EE5626FDB93}
	EndGlobalSection
EndGlobal
