
Microsoft Visual Studio Solution File, Format Version 12.00
# Visual Studio Version 17
VisualStudioVersion = 17.2.32602.215
MinimumVisualStudioVersion = 10.0.40219.1
Project("{FAE04EC0-301F-11D3-BF4B-00C04F79EFBC}") = "ConsoleApp1", "ConsoleApp1\ConsoleApp1.csproj", "{A8D06878-378F-4C0D-9005-2A5F389803E9}"
EndProject
Global
	GlobalSection(SolutionConfigurationPlatforms) = preSolution
		Debug|Any CPU = Debug|Any CPU
		Release|Any CPU = Release|Any CPU
	EndGlobalSection
	GlobalSection(ProjectConfigurationPlatforms) = postSolution
		{A8D06878-378F-4C0D-9005-2A5F389803E9}.Debug|Any CPU.ActiveCfg = Debug|Any CPU
		{A8D06878-378F-4C0D-9005-2A5F389803E9}.Debug|Any CPU.Build.0 = Debug|Any CPU
		{A8D06878-378F-4C0D-9005-2A5F389803E9}.Release|Any CPU.ActiveCfg = Release|Any CPU
		{A8D06878-378F-4C0D-9005-2A5F389803E9}.Release|Any CPU.Build.0 = Release|Any CPU
	EndGlobalSection
	GlobalSection(SolutionProperties) = preSolution
		HideSolutionNode = FALSE
	EndGlobalSection
	GlobalSection(ExtensibilityGlobals) = postSolution
		SolutionGuid = {872183FC-609E-4FBD-8B7E-0D93CC6AE07C}
	EndGlobalSection
EndGlobal
