
Microsoft Visual Studio Solution File, Format Version 12.00
# Visual Studio Version 16
VisualStudioVersion = 16.0.31702.278
MinimumVisualStudioVersion = 10.0.40219.1
Project("{FAE04EC0-301F-11D3-BF4B-00C04F79EFBC}") = "Bussbiljetter", "Bussbiljetter\Bussbiljetter.csproj", "{6BAF05AD-6CED-4E7A-A6D1-8D4F2B65EDCB}"
EndProject
Global
	GlobalSection(SolutionConfigurationPlatforms) = preSolution
		Debug|Any CPU = Debug|Any CPU
		Release|Any CPU = Release|Any CPU
	EndGlobalSection
	GlobalSection(ProjectConfigurationPlatforms) = postSolution
		{6BAF05AD-6CED-4E7A-A6D1-8D4F2B65EDCB}.Debug|Any CPU.ActiveCfg = Debug|Any CPU
		{6BAF05AD-6CED-4E7A-A6D1-8D4F2B65EDCB}.Debug|Any CPU.Build.0 = Debug|Any CPU
		{6BAF05AD-6CED-4E7A-A6D1-8D4F2B65EDCB}.Release|Any CPU.ActiveCfg = Release|Any CPU
		{6BAF05AD-6CED-4E7A-A6D1-8D4F2B65EDCB}.Release|Any CPU.Build.0 = Release|Any CPU
	EndGlobalSection
	GlobalSection(SolutionProperties) = preSolution
		HideSolutionNode = FALSE
	EndGlobalSection
	GlobalSection(ExtensibilityGlobals) = postSolution
		SolutionGuid = {C1538BFD-95E1-4325-9413-558F794E5D6D}
	EndGlobalSection
EndGlobal
