
Microsoft Visual Studio Solution File, Format Version 12.00
# Visual Studio Version 16
VisualStudioVersion = 16.0.31702.278
MinimumVisualStudioVersion = 10.0.40219.1
Project("{FAE04EC0-301F-11D3-BF4B-00C04F79EFBC}") = "API", "API\API.csproj", "{F06C745F-8F82-4B74-9976-D4CEC7A9CA38}"
EndProject
Global
	GlobalSection(SolutionConfigurationPlatforms) = preSolution
		Debug|Any CPU = Debug|Any CPU
		Release|Any CPU = Release|Any CPU
	EndGlobalSection
	GlobalSection(ProjectConfigurationPlatforms) = postSolution
		{F06C745F-8F82-4B74-9976-D4CEC7A9CA38}.Debug|Any CPU.ActiveCfg = Debug|Any CPU
		{F06C745F-8F82-4B74-9976-D4CEC7A9CA38}.Debug|Any CPU.Build.0 = Debug|Any CPU
		{F06C745F-8F82-4B74-9976-D4CEC7A9CA38}.Release|Any CPU.ActiveCfg = Release|Any CPU
		{F06C745F-8F82-4B74-9976-D4CEC7A9CA38}.Release|Any CPU.Build.0 = Release|Any CPU
	EndGlobalSection
	GlobalSection(SolutionProperties) = preSolution
		HideSolutionNode = FALSE
	EndGlobalSection
	GlobalSection(ExtensibilityGlobals) = postSolution
		SolutionGuid = {5C9BED5F-4A0D-4079-9890-715BC65A5FC9}
	EndGlobalSection
EndGlobal
